
Microsoft Visual Studio Solution File, Format Version 12.00
# Visual Studio 15
VisualStudioVersion = 15.0.28307.1259
MinimumVisualStudioVersion = 10.0.40219.1
Project("{FAE04EC0-301F-11D3-BF4B-00C04F79EFBC}") = "AppLibarary", "AppLibarary\AppLibarary.csproj", "{D719FB2D-92E9-477A-99D0-0256FEADD186}"
EndProject
Global
	GlobalSection(SolutionConfigurationPlatforms) = preSolution
		Debug|Any CPU = Debug|Any CPU
		Release|Any CPU = Release|Any CPU
	EndGlobalSection
	GlobalSection(ProjectConfigurationPlatforms) = postSolution
		{D719FB2D-92E9-477A-99D0-0256FEADD186}.Debug|Any CPU.ActiveCfg = Debug|Any CPU
		{D719FB2D-92E9-477A-99D0-0256FEADD186}.Debug|Any CPU.Build.0 = Debug|Any CPU
		{D719FB2D-92E9-477A-99D0-0256FEADD186}.Release|Any CPU.ActiveCfg = Release|Any CPU
		{D719FB2D-92E9-477A-99D0-0256FEADD186}.Release|Any CPU.Build.0 = Release|Any CPU
	EndGlobalSection
	GlobalSection(SolutionProperties) = preSolution
		HideSolutionNode = FALSE
	EndGlobalSection
	GlobalSection(ExtensibilityGlobals) = postSolution
		SolutionGuid = {3D9E54BD-250E-47FC-9F52-17A1B0E9A041}
	EndGlobalSection
EndGlobal
